// !$*UTF8*$!
{
	archiveVersion = 1;
	classes = {
	};
	objectVersion = 50;
	objects = {

/* Begin PBXBuildFile section */
		6AD7674C2277694600FF4219 /* TaxViewController.swift in Sources */ = {isa = PBXBuildFile; fileRef = 6AD7674B2277694600FF4219 /* TaxViewController.swift */; };
		6AD7675A227788FB00FF4219 /* DiscountViewController.swift in Sources */ = {isa = PBXBuildFile; fileRef = 6AD76759227788FB00FF4219 /* DiscountViewController.swift */; };
		6AEC0FF1226F8718005F8B6B /* AppDelegate.swift in Sources */ = {isa = PBXBuildFile; fileRef = 6AEC0FF0226F8718005F8B6B /* AppDelegate.swift */; };
		6AEC0FF3226F8718005F8B6B /* RegisterViewController.swift in Sources */ = {isa = PBXBuildFile; fileRef = 6AEC0FF2226F8718005F8B6B /* RegisterViewController.swift */; };
		6AEC0FF6226F8718005F8B6B /* Main.storyboard in Resources */ = {isa = PBXBuildFile; fileRef = 6AEC0FF4226F8718005F8B6B /* Main.storyboard */; };
		6AEC1006226F8719005F8B6B /* POSTests.swift in Sources */ = {isa = PBXBuildFile; fileRef = 6AEC1005226F8719005F8B6B /* POSTests.swift */; };
		6AEC1011226F8719005F8B6B /* POSUITests.swift in Sources */ = {isa = PBXBuildFile; fileRef = 6AEC1010226F8719005F8B6B /* POSUITests.swift */; };
		6AEC101D226FAB32005F8B6B /* Menu.swift in Sources */ = {isa = PBXBuildFile; fileRef = 6AEC101C226FAB31005F8B6B /* Menu.swift */; };
		844780BB22CDBC0600BBF642 /* BillCalculationFramework.framework in Embed Frameworks */ = {isa = PBXBuildFile; fileRef = 844780B022CDBB7E00BBF642 /* BillCalculationFramework.framework */; settings = {ATTRIBUTES = (CodeSignOnCopy, RemoveHeadersOnCopy, ); }; };
		C5E68B1E22C701C900DCD071 /* RegisterViewModel.swift in Sources */ = {isa = PBXBuildFile; fileRef = C5E68B1D22C701C900DCD071 /* RegisterViewModel.swift */; };
/* End PBXBuildFile section */

/* Begin PBXContainerItemProxy section */
		6AEC1002226F8719005F8B6B /* PBXContainerItemProxy */ = {
			isa = PBXContainerItemProxy;
			containerPortal = 6AEC0FC7226F8639005F8B6B /* Project object */;
			proxyType = 1;
			remoteGlobalIDString = 6AEC0FED226F8717005F8B6B;
			remoteInfo = POS;
		};
		6AEC100D226F8719005F8B6B /* PBXContainerItemProxy */ = {
			isa = PBXContainerItemProxy;
			containerPortal = 6AEC0FC7226F8639005F8B6B /* Project object */;
			proxyType = 1;
			remoteGlobalIDString = 6AEC0FED226F8717005F8B6B;
			remoteInfo = POS;
		};
		844780AF22CDBB7E00BBF642 /* PBXContainerItemProxy */ = {
			isa = PBXContainerItemProxy;
			containerPortal = 844780AA22CDBB7C00BBF642 /* BillCalculationFramework.xcodeproj */;
			proxyType = 2;
			remoteGlobalIDString = 8447809022CDBB7C00BBF642;
			remoteInfo = BillCalculationFramework;
		};
		844780B122CDBB7E00BBF642 /* PBXContainerItemProxy */ = {
			isa = PBXContainerItemProxy;
			containerPortal = 844780AA22CDBB7C00BBF642 /* BillCalculationFramework.xcodeproj */;
			proxyType = 2;
			remoteGlobalIDString = 8447809922CDBB7C00BBF642;
			remoteInfo = BillCalculationFrameworkTests;
		};
		844780BC22CDBC0600BBF642 /* PBXContainerItemProxy */ = {
			isa = PBXContainerItemProxy;
			containerPortal = 844780AA22CDBB7C00BBF642 /* BillCalculationFramework.xcodeproj */;
			proxyType = 1;
			remoteGlobalIDString = 8447808F22CDBB7C00BBF642;
			remoteInfo = BillCalculationFramework;
		};
/* End PBXContainerItemProxy section */

/* Begin PBXCopyFilesBuildPhase section */
		844780BE22CDBC0700BBF642 /* Embed Frameworks */ = {
			isa = PBXCopyFilesBuildPhase;
			buildActionMask = 2147483647;
			dstPath = "";
			dstSubfolderSpec = 10;
			files = (
				844780BB22CDBC0600BBF642 /* BillCalculationFramework.framework in Embed Frameworks */,
			);
			name = "Embed Frameworks";
			runOnlyForDeploymentPostprocessing = 0;
		};
/* End PBXCopyFilesBuildPhase section */

/* Begin PBXFileReference section */
		6AD7674B2277694600FF4219 /* TaxViewController.swift */ = {isa = PBXFileReference; lastKnownFileType = sourcecode.swift; path = TaxViewController.swift; sourceTree = "<group>"; };
		6AD76759227788FB00FF4219 /* DiscountViewController.swift */ = {isa = PBXFileReference; lastKnownFileType = sourcecode.swift; path = DiscountViewController.swift; sourceTree = "<group>"; };
		6AEC0FEE226F8717005F8B6B /* POS.app */ = {isa = PBXFileReference; explicitFileType = wrapper.application; includeInIndex = 0; path = POS.app; sourceTree = BUILT_PRODUCTS_DIR; };
		6AEC0FF0226F8718005F8B6B /* AppDelegate.swift */ = {isa = PBXFileReference; lastKnownFileType = sourcecode.swift; path = AppDelegate.swift; sourceTree = "<group>"; };
		6AEC0FF2226F8718005F8B6B /* RegisterViewController.swift */ = {isa = PBXFileReference; lastKnownFileType = sourcecode.swift; path = RegisterViewController.swift; sourceTree = "<group>"; };
		6AEC0FF5226F8718005F8B6B /* Base */ = {isa = PBXFileReference; lastKnownFileType = file.storyboard; name = Base; path = Base.lproj/Main.storyboard; sourceTree = "<group>"; };
		6AEC0FFC226F8719005F8B6B /* Info.plist */ = {isa = PBXFileReference; lastKnownFileType = text.plist.xml; path = Info.plist; sourceTree = "<group>"; };
		6AEC1001226F8719005F8B6B /* POSTests.xctest */ = {isa = PBXFileReference; explicitFileType = wrapper.cfbundle; includeInIndex = 0; path = POSTests.xctest; sourceTree = BUILT_PRODUCTS_DIR; };
		6AEC1005226F8719005F8B6B /* POSTests.swift */ = {isa = PBXFileReference; lastKnownFileType = sourcecode.swift; path = POSTests.swift; sourceTree = "<group>"; };
		6AEC1007226F8719005F8B6B /* Info.plist */ = {isa = PBXFileReference; lastKnownFileType = text.plist.xml; path = Info.plist; sourceTree = "<group>"; };
		6AEC100C226F8719005F8B6B /* POSUITests.xctest */ = {isa = PBXFileReference; explicitFileType = wrapper.cfbundle; includeInIndex = 0; path = POSUITests.xctest; sourceTree = BUILT_PRODUCTS_DIR; };
		6AEC1010226F8719005F8B6B /* POSUITests.swift */ = {isa = PBXFileReference; lastKnownFileType = sourcecode.swift; path = POSUITests.swift; sourceTree = "<group>"; };
		6AEC1012226F8719005F8B6B /* Info.plist */ = {isa = PBXFileReference; lastKnownFileType = text.plist.xml; path = Info.plist; sourceTree = "<group>"; };
		6AEC101C226FAB31005F8B6B /* Menu.swift */ = {isa = PBXFileReference; lastKnownFileType = sourcecode.swift; path = Menu.swift; sourceTree = "<group>"; };
		844780AA22CDBB7C00BBF642 /* BillCalculationFramework.xcodeproj */ = {isa = PBXFileReference; lastKnownFileType = "wrapper.pb-project"; name = BillCalculationFramework.xcodeproj; path = BillCalculationFramework/BillCalculationFramework.xcodeproj; sourceTree = "<group>"; };
		C5E68B1D22C701C900DCD071 /* RegisterViewModel.swift */ = {isa = PBXFileReference; lastKnownFileType = sourcecode.swift; path = RegisterViewModel.swift; sourceTree = "<group>"; };
/* End PBXFileReference section */

/* Begin PBXFrameworksBuildPhase section */
		6AEC0FEB226F8717005F8B6B /* Frameworks */ = {
			isa = PBXFrameworksBuildPhase;
			buildActionMask = 2147483647;
			files = (
			);
			runOnlyForDeploymentPostprocessing = 0;
		};
		6AEC0FFE226F8719005F8B6B /* Frameworks */ = {
			isa = PBXFrameworksBuildPhase;
			buildActionMask = 2147483647;
			files = (
			);
			runOnlyForDeploymentPostprocessing = 0;
		};
		6AEC1009226F8719005F8B6B /* Frameworks */ = {
			isa = PBXFrameworksBuildPhase;
			buildActionMask = 2147483647;
			files = (
			);
			runOnlyForDeploymentPostprocessing = 0;
		};
/* End PBXFrameworksBuildPhase section */

/* Begin PBXGroup section */
		6AEC0FC6226F8639005F8B6B = {
			isa = PBXGroup;
			children = (
				844780AA22CDBB7C00BBF642 /* BillCalculationFramework.xcodeproj */,
				6AEC0FEF226F8718005F8B6B /* POS */,
				6AEC1004226F8719005F8B6B /* POSTests */,
				6AEC100F226F8719005F8B6B /* POSUITests */,
				6AEC0FD1226F8639005F8B6B /* Products */,
				844780B822CDBBFE00BBF642 /* Frameworks */,
			);
			sourceTree = "<group>";
		};
		6AEC0FD1226F8639005F8B6B /* Products */ = {
			isa = PBXGroup;
			children = (
				6AEC0FEE226F8717005F8B6B /* POS.app */,
				6AEC1001226F8719005F8B6B /* POSTests.xctest */,
				6AEC100C226F8719005F8B6B /* POSUITests.xctest */,
			);
			name = Products;
			sourceTree = "<group>";
		};
		6AEC0FEF226F8718005F8B6B /* POS */ = {
			isa = PBXGroup;
			children = (
				6AEC0FF2226F8718005F8B6B /* RegisterViewController.swift */,
				C5E68B1D22C701C900DCD071 /* RegisterViewModel.swift */,
				6AD7674B2277694600FF4219 /* TaxViewController.swift */,
				6AD76759227788FB00FF4219 /* DiscountViewController.swift */,
				6AEC0FF4226F8718005F8B6B /* Main.storyboard */,
				6AEC0FF0226F8718005F8B6B /* AppDelegate.swift */,
				6AEC101C226FAB31005F8B6B /* Menu.swift */,
				6AEC0FFC226F8719005F8B6B /* Info.plist */,
			);
			path = POS;
			sourceTree = "<group>";
		};
		6AEC1004226F8719005F8B6B /* POSTests */ = {
			isa = PBXGroup;
			children = (
				6AEC1005226F8719005F8B6B /* POSTests.swift */,
				6AEC1007226F8719005F8B6B /* Info.plist */,
			);
			path = POSTests;
			sourceTree = "<group>";
		};
		6AEC100F226F8719005F8B6B /* POSUITests */ = {
			isa = PBXGroup;
			children = (
				6AEC1010226F8719005F8B6B /* POSUITests.swift */,
				6AEC1012226F8719005F8B6B /* Info.plist */,
			);
			path = POSUITests;
			sourceTree = "<group>";
		};
		844780AB22CDBB7C00BBF642 /* Products */ = {
			isa = PBXGroup;
			children = (
				844780B022CDBB7E00BBF642 /* BillCalculationFramework.framework */,
				844780B222CDBB7E00BBF642 /* BillCalculationFrameworkTests.xctest */,
			);
			name = Products;
			sourceTree = "<group>";
		};
		844780B822CDBBFE00BBF642 /* Frameworks */ = {
			isa = PBXGroup;
			children = (
			);
			name = Frameworks;
			sourceTree = "<group>";
		};
/* End PBXGroup section */

/* Begin PBXNativeTarget section */
		6AEC0FED226F8717005F8B6B /* POS */ = {
			isa = PBXNativeTarget;
			buildConfigurationList = 6AEC1013226F8719005F8B6B /* Build configuration list for PBXNativeTarget "POS" */;
			buildPhases = (
				6AEC0FEA226F8717005F8B6B /* Sources */,
				6AEC0FEB226F8717005F8B6B /* Frameworks */,
				6AEC0FEC226F8717005F8B6B /* Resources */,
				844780BE22CDBC0700BBF642 /* Embed Frameworks */,
			);
			buildRules = (
			);
			dependencies = (
				844780BD22CDBC0600BBF642 /* PBXTargetDependency */,
			);
			name = POS;
			productName = POS;
			productReference = 6AEC0FEE226F8717005F8B6B /* POS.app */;
			productType = "com.apple.product-type.application";
		};
		6AEC1000226F8719005F8B6B /* POSTests */ = {
			isa = PBXNativeTarget;
			buildConfigurationList = 6AEC1016226F8719005F8B6B /* Build configuration list for PBXNativeTarget "POSTests" */;
			buildPhases = (
				6AEC0FFD226F8719005F8B6B /* Sources */,
				6AEC0FFE226F8719005F8B6B /* Frameworks */,
				6AEC0FFF226F8719005F8B6B /* Resources */,
			);
			buildRules = (
			);
			dependencies = (
				6AEC1003226F8719005F8B6B /* PBXTargetDependency */,
			);
			name = POSTests;
			productName = POSTests;
			productReference = 6AEC1001226F8719005F8B6B /* POSTests.xctest */;
			productType = "com.apple.product-type.bundle.unit-test";
		};
		6AEC100B226F8719005F8B6B /* POSUITests */ = {
			isa = PBXNativeTarget;
			buildConfigurationList = 6AEC1019226F8719005F8B6B /* Build configuration list for PBXNativeTarget "POSUITests" */;
			buildPhases = (
				6AEC1008226F8719005F8B6B /* Sources */,
				6AEC1009226F8719005F8B6B /* Frameworks */,
				6AEC100A226F8719005F8B6B /* Resources */,
			);
			buildRules = (
			);
			dependencies = (
				6AEC100E226F8719005F8B6B /* PBXTargetDependency */,
			);
			name = POSUITests;
			productName = POSUITests;
			productReference = 6AEC100C226F8719005F8B6B /* POSUITests.xctest */;
			productType = "com.apple.product-type.bundle.ui-testing";
		};
/* End PBXNativeTarget section */

/* Begin PBXProject section */
		6AEC0FC7226F8639005F8B6B /* Project object */ = {
			isa = PBXProject;
			attributes = {
				LastSwiftUpdateCheck = 1010;
				LastUpgradeCheck = 1010;
				ORGANIZATIONNAME = TouchBistro;
				TargetAttributes = {
					6AEC0FED226F8717005F8B6B = {
						CreatedOnToolsVersion = 10.1;
					};
					6AEC1000226F8719005F8B6B = {
						CreatedOnToolsVersion = 10.1;
						TestTargetID = 6AEC0FED226F8717005F8B6B;
					};
					6AEC100B226F8719005F8B6B = {
						CreatedOnToolsVersion = 10.1;
						TestTargetID = 6AEC0FED226F8717005F8B6B;
					};
				};
			};
			buildConfigurationList = 6AEC0FCA226F8639005F8B6B /* Build configuration list for PBXProject "BillCalc" */;
			compatibilityVersion = "Xcode 9.3";
			developmentRegion = en;
			hasScannedForEncodings = 0;
			knownRegions = (
				en,
				Base,
			);
			mainGroup = 6AEC0FC6226F8639005F8B6B;
			productRefGroup = 6AEC0FD1226F8639005F8B6B /* Products */;
			projectDirPath = "";
			projectReferences = (
				{
					ProductGroup = 844780AB22CDBB7C00BBF642 /* Products */;
					ProjectRef = 844780AA22CDBB7C00BBF642 /* BillCalculationFramework.xcodeproj */;
				},
			);
			projectRoot = "";
			targets = (
				6AEC0FED226F8717005F8B6B /* POS */,
				6AEC1000226F8719005F8B6B /* POSTests */,
				6AEC100B226F8719005F8B6B /* POSUITests */,
			);
		};
/* End PBXProject section */

/* Begin PBXReferenceProxy section */
		844780B022CDBB7E00BBF642 /* BillCalculationFramework.framework */ = {
			isa = PBXReferenceProxy;
			fileType = wrapper.framework;
			path = BillCalculationFramework.framework;
			remoteRef = 844780AF22CDBB7E00BBF642 /* PBXContainerItemProxy */;
			sourceTree = BUILT_PRODUCTS_DIR;
		};
		844780B222CDBB7E00BBF642 /* BillCalculationFrameworkTests.xctest */ = {
			isa = PBXReferenceProxy;
			fileType = wrapper.cfbundle;
			path = BillCalculationFrameworkTests.xctest;
			remoteRef = 844780B122CDBB7E00BBF642 /* PBXContainerItemProxy */;
			sourceTree = BUILT_PRODUCTS_DIR;
		};
/* End PBXReferenceProxy section */

/* Begin PBXResourcesBuildPhase section */
		6AEC0FEC226F8717005F8B6B /* Resources */ = {
			isa = PBXResourcesBuildPhase;
			buildActionMask = 2147483647;
			files = (
				6AEC0FF6226F8718005F8B6B /* Main.storyboard in Resources */,
			);
			runOnlyForDeploymentPostprocessing = 0;
		};
		6AEC0FFF226F8719005F8B6B /* Resources */ = {
			isa = PBXResourcesBuildPhase;
			buildActionMask = 2147483647;
			files = (
			);
			runOnlyForDeploymentPostprocessing = 0;
		};
		6AEC100A226F8719005F8B6B /* Resources */ = {
			isa = PBXResourcesBuildPhase;
			buildActionMask = 2147483647;
			files = (
			);
			runOnlyForDeploymentPostprocessing = 0;
		};
/* End PBXResourcesBuildPhase section */

/* Begin PBXSourcesBuildPhase section */
		6AEC0FEA226F8717005F8B6B /* Sources */ = {
			isa = PBXSourcesBuildPhase;
			buildActionMask = 2147483647;
			files = (
				6AEC101D226FAB32005F8B6B /* Menu.swift in Sources */,
				C5E68B1E22C701C900DCD071 /* RegisterViewModel.swift in Sources */,
				6AD7675A227788FB00FF4219 /* DiscountViewController.swift in Sources */,
				6AEC0FF3226F8718005F8B6B /* RegisterViewController.swift in Sources */,
				6AD7674C2277694600FF4219 /* TaxViewController.swift in Sources */,
				6AEC0FF1226F8718005F8B6B /* AppDelegate.swift in Sources */,
			);
			runOnlyForDeploymentPostprocessing = 0;
		};
		6AEC0FFD226F8719005F8B6B /* Sources */ = {
			isa = PBXSourcesBuildPhase;
			buildActionMask = 2147483647;
			files = (
				6AEC1006226F8719005F8B6B /* POSTests.swift in Sources */,
			);
			runOnlyForDeploymentPostprocessing = 0;
		};
		6AEC1008226F8719005F8B6B /* Sources */ = {
			isa = PBXSourcesBuildPhase;
			buildActionMask = 2147483647;
			files = (
				6AEC1011226F8719005F8B6B /* POSUITests.swift in Sources */,
			);
			runOnlyForDeploymentPostprocessing = 0;
		};
/* End PBXSourcesBuildPhase section */

/* Begin PBXTargetDependency section */
		6AEC1003226F8719005F8B6B /* PBXTargetDependency */ = {
			isa = PBXTargetDependency;
			target = 6AEC0FED226F8717005F8B6B /* POS */;
			targetProxy = 6AEC1002226F8719005F8B6B /* PBXContainerItemProxy */;
		};
		6AEC100E226F8719005F8B6B /* PBXTargetDependency */ = {
			isa = PBXTargetDependency;
			target = 6AEC0FED226F8717005F8B6B /* POS */;
			targetProxy = 6AEC100D226F8719005F8B6B /* PBXContainerItemProxy */;
		};
		844780BD22CDBC0600BBF642 /* PBXTargetDependency */ = {
			isa = PBXTargetDependency;
			name = BillCalculationFramework;
			targetProxy = 844780BC22CDBC0600BBF642 /* PBXContainerItemProxy */;
		};
/* End PBXTargetDependency section */

/* Begin PBXVariantGroup section */
		6AEC0FF4226F8718005F8B6B /* Main.storyboard */ = {
			isa = PBXVariantGroup;
			children = (
				6AEC0FF5226F8718005F8B6B /* Base */,
			);
			name = Main.storyboard;
			sourceTree = "<group>";
		};
/* End PBXVariantGroup section */

/* Begin XCBuildConfiguration section */
		6AEC0FE2226F8639005F8B6B /* Debug */ = {
			isa = XCBuildConfiguration;
			buildSettings = {
				ALWAYS_SEARCH_USER_PATHS = NO;
				CLANG_ANALYZER_NONNULL = YES;
				CLANG_ANALYZER_NUMBER_OBJECT_CONVERSION = YES_AGGRESSIVE;
				CLANG_CXX_LANGUAGE_STANDARD = "gnu++14";
				CLANG_CXX_LIBRARY = "libc++";
				CLANG_ENABLE_MODULES = YES;
				CLANG_ENABLE_OBJC_ARC = YES;
				CLANG_ENABLE_OBJC_WEAK = YES;
				CLANG_WARN_BLOCK_CAPTURE_AUTORELEASING = YES;
				CLANG_WARN_BOOL_CONVERSION = YES;
				CLANG_WARN_COMMA = YES;
				CLANG_WARN_CONSTANT_CONVERSION = YES;
				CLANG_WARN_DEPRECATED_OBJC_IMPLEMENTATIONS = YES;
				CLANG_WARN_DIRECT_OBJC_ISA_USAGE = YES_ERROR;
				CLANG_WARN_DOCUMENTATION_COMMENTS = YES;
				CLANG_WARN_EMPTY_BODY = YES;
				CLANG_WARN_ENUM_CONVERSION = YES;
				CLANG_WARN_INFINITE_RECURSION = YES;
				CLANG_WARN_INT_CONVERSION = YES;
				CLANG_WARN_NON_LITERAL_NULL_CONVERSION = YES;
				CLANG_WARN_OBJC_IMPLICIT_RETAIN_SELF = YES;
				CLANG_WARN_OBJC_LITERAL_CONVERSION = YES;
				CLANG_WARN_OBJC_ROOT_CLASS = YES_ERROR;
				CLANG_WARN_RANGE_LOOP_ANALYSIS = YES;
				CLANG_WARN_STRICT_PROTOTYPES = YES;
				CLANG_WARN_SUSPICIOUS_MOVE = YES;
				CLANG_WARN_UNGUARDED_AVAILABILITY = YES_AGGRESSIVE;
				CLANG_WARN_UNREACHABLE_CODE = YES;
				CLANG_WARN__DUPLICATE_METHOD_MATCH = YES;
				CODE_SIGN_IDENTITY = "iPhone Developer";
				COPY_PHASE_STRIP = NO;
				CURRENT_PROJECT_VERSION = 1;
				DEBUG_INFORMATION_FORMAT = dwarf;
				ENABLE_STRICT_OBJC_MSGSEND = YES;
				ENABLE_TESTABILITY = YES;
				GCC_C_LANGUAGE_STANDARD = gnu11;
				GCC_DYNAMIC_NO_PIC = NO;
				GCC_NO_COMMON_BLOCKS = YES;
				GCC_OPTIMIZATION_LEVEL = 0;
				GCC_PREPROCESSOR_DEFINITIONS = (
					"DEBUG=1",
					"$(inherited)",
				);
				GCC_WARN_64_TO_32_BIT_CONVERSION = YES;
				GCC_WARN_ABOUT_RETURN_TYPE = YES_ERROR;
				GCC_WARN_UNDECLARED_SELECTOR = YES;
				GCC_WARN_UNINITIALIZED_AUTOS = YES_AGGRESSIVE;
				GCC_WARN_UNUSED_FUNCTION = YES;
				GCC_WARN_UNUSED_VARIABLE = YES;
				IPHONEOS_DEPLOYMENT_TARGET = 12.1;
				MTL_ENABLE_DEBUG_INFO = INCLUDE_SOURCE;
				MTL_FAST_MATH = YES;
				ONLY_ACTIVE_ARCH = YES;
				SDKROOT = iphoneos;
				SWIFT_ACTIVE_COMPILATION_CONDITIONS = DEBUG;
				SWIFT_OPTIMIZATION_LEVEL = "-Onone";
				VERSIONING_SYSTEM = "apple-generic";
				VERSION_INFO_PREFIX = "";
			};
			name = Debug;
		};
		6AEC0FE3226F8639005F8B6B /* Release */ = {
			isa = XCBuildConfiguration;
			buildSettings = {
				ALWAYS_SEARCH_USER_PATHS = NO;
				CLANG_ANALYZER_NONNULL = YES;
				CLANG_ANALYZER_NUMBER_OBJECT_CONVERSION = YES_AGGRESSIVE;
				CLANG_CXX_LANGUAGE_STANDARD = "gnu++14";
				CLANG_CXX_LIBRARY = "libc++";
				CLANG_ENABLE_MODULES = YES;
				CLANG_ENABLE_OBJC_ARC = YES;
				CLANG_ENABLE_OBJC_WEAK = YES;
				CLANG_WARN_BLOCK_CAPTURE_AUTORELEASING = YES;
				CLANG_WARN_BOOL_CONVERSION = YES;
				CLANG_WARN_COMMA = YES;
				CLANG_WARN_CONSTANT_CONVERSION = YES;
				CLANG_WARN_DEPRECATED_OBJC_IMPLEMENTATIONS = YES;
				CLANG_WARN_DIRECT_OBJC_ISA_USAGE = YES_ERROR;
				CLANG_WARN_DOCUMENTATION_COMMENTS = YES;
				CLANG_WARN_EMPTY_BODY = YES;
				CLANG_WARN_ENUM_CONVERSION = YES;
				CLANG_WARN_INFINITE_RECURSION = YES;
				CLANG_WARN_INT_CONVERSION = YES;
				CLANG_WARN_NON_LITERAL_NULL_CONVERSION = YES;
				CLANG_WARN_OBJC_IMPLICIT_RETAIN_SELF = YES;
				CLANG_WARN_OBJC_LITERAL_CONVERSION = YES;
				CLANG_WARN_OBJC_ROOT_CLASS = YES_ERROR;
				CLANG_WARN_RANGE_LOOP_ANALYSIS = YES;
				CLANG_WARN_STRICT_PROTOTYPES = YES;
				CLANG_WARN_SUSPICIOUS_MOVE = YES;
				CLANG_WARN_UNGUARDED_AVAILABILITY = YES_AGGRESSIVE;
				CLANG_WARN_UNREACHABLE_CODE = YES;
				CLANG_WARN__DUPLICATE_METHOD_MATCH = YES;
				CODE_SIGN_IDENTITY = "iPhone Developer";
				COPY_PHASE_STRIP = NO;
				CURRENT_PROJECT_VERSION = 1;
				DEBUG_INFORMATION_FORMAT = "dwarf-with-dsym";
				ENABLE_NS_ASSERTIONS = NO;
				ENABLE_STRICT_OBJC_MSGSEND = YES;
				GCC_C_LANGUAGE_STANDARD = gnu11;
				GCC_NO_COMMON_BLOCKS = YES;
				GCC_WARN_64_TO_32_BIT_CONVERSION = YES;
				GCC_WARN_ABOUT_RETURN_TYPE = YES_ERROR;
				GCC_WARN_UNDECLARED_SELECTOR = YES;
				GCC_WARN_UNINITIALIZED_AUTOS = YES_AGGRESSIVE;
				GCC_WARN_UNUSED_FUNCTION = YES;
				GCC_WARN_UNUSED_VARIABLE = YES;
				IPHONEOS_DEPLOYMENT_TARGET = 12.1;
				MTL_ENABLE_DEBUG_INFO = NO;
				MTL_FAST_MATH = YES;
				SDKROOT = iphoneos;
				SWIFT_COMPILATION_MODE = wholemodule;
				SWIFT_OPTIMIZATION_LEVEL = "-O";
				VALIDATE_PRODUCT = YES;
				VERSIONING_SYSTEM = "apple-generic";
				VERSION_INFO_PREFIX = "";
			};
			name = Release;
		};
		6AEC1014226F8719005F8B6B /* Debug */ = {
			isa = XCBuildConfiguration;
			buildSettings = {
				ASSETCATALOG_COMPILER_APPICON_NAME = AppIcon;
				CODE_SIGN_STYLE = Automatic;
				DEVELOPMENT_TEAM = CZX3PLTFRE;
				FRAMEWORK_SEARCH_PATHS = (
					"$(inherited)",
					"$(PROJECT_DIR)",
				);
				INFOPLIST_FILE = POS/Info.plist;
				LD_RUNPATH_SEARCH_PATHS = (
					"$(inherited)",
					"@executable_path/Frameworks",
				);
				PRODUCT_BUNDLE_IDENTIFIER = TouchBistro.POS2;
				PRODUCT_NAME = "$(TARGET_NAME)";
				SWIFT_VERSION = 4.2;
				TARGETED_DEVICE_FAMILY = "1,2";
			};
			name = Debug;
		};
		6AEC1015226F8719005F8B6B /* Release */ = {
			isa = XCBuildConfiguration;
			buildSettings = {
				ASSETCATALOG_COMPILER_APPICON_NAME = AppIcon;
				CODE_SIGN_STYLE = Automatic;
				DEVELOPMENT_TEAM = CZX3PLTFRE;
				FRAMEWORK_SEARCH_PATHS = (
					"$(inherited)",
					"$(PROJECT_DIR)",
				);
				INFOPLIST_FILE = POS/Info.plist;
				LD_RUNPATH_SEARCH_PATHS = (
					"$(inherited)",
					"@executable_path/Frameworks",
				);
				PRODUCT_BUNDLE_IDENTIFIER = TouchBistro.POS2;
				PRODUCT_NAME = "$(TARGET_NAME)";
				SWIFT_VERSION = 4.2;
				TARGETED_DEVICE_FAMILY = "1,2";
			};
			name = Release;
		};
		6AEC1017226F8719005F8B6B /* Debug */ = {
			isa = XCBuildConfiguration;
			buildSettings = {
				ALWAYS_EMBED_SWIFT_STANDARD_LIBRARIES = YES;
				BUNDLE_LOADER = "$(TEST_HOST)";
				CODE_SIGN_STYLE = Automatic;
				DEVELOPMENT_TEAM = R8HVB85AU9;
				INFOPLIST_FILE = POSTests/Info.plist;
				LD_RUNPATH_SEARCH_PATHS = (
					"$(inherited)",
					"@executable_path/Frameworks",
					"@loader_path/Frameworks",
				);
				PRODUCT_BUNDLE_IDENTIFIER = TouchBistro.POSTests;
				PRODUCT_NAME = "$(TARGET_NAME)";
				SWIFT_VERSION = 4.2;
				TARGETED_DEVICE_FAMILY = "1,2";
				TEST_HOST = "$(BUILT_PRODUCTS_DIR)/POS.app/POS";
			};
			name = Debug;
		};
		6AEC1018226F8719005F8B6B /* Release */ = {
			isa = XCBuildConfiguration;
			buildSettings = {
				ALWAYS_EMBED_SWIFT_STANDARD_LIBRARIES = YES;
				BUNDLE_LOADER = "$(TEST_HOST)";
				CODE_SIGN_STYLE = Automatic;
				DEVELOPMENT_TEAM = R8HVB85AU9;
				INFOPLIST_FILE = POSTests/Info.plist;
				LD_RUNPATH_SEARCH_PATHS = (
					"$(inherited)",
					"@executable_path/Frameworks",
					"@loader_path/Frameworks",
				);
				PRODUCT_BUNDLE_IDENTIFIER = TouchBistro.POSTests;
				PRODUCT_NAME = "$(TARGET_NAME)";
				SWIFT_VERSION = 4.2;
				TARGETED_DEVICE_FAMILY = "1,2";
				TEST_HOST = "$(BUILT_PRODUCTS_DIR)/POS.app/POS";
			};
			name = Release;
		};
		6AEC101A226F8719005F8B6B /* Debug */ = {
			isa = XCBuildConfiguration;
			buildSettings = {
				ALWAYS_EMBED_SWIFT_STANDARD_LIBRARIES = YES;
				CODE_SIGN_STYLE = Automatic;
				DEVELOPMENT_TEAM = R8HVB85AU9;
				INFOPLIST_FILE = POSUITests/Info.plist;
				LD_RUNPATH_SEARCH_PATHS = (
					"$(inherited)",
					"@executable_path/Frameworks",
					"@loader_path/Frameworks",
				);
				PRODUCT_BUNDLE_IDENTIFIER = TouchBistro.POSUITests;
				PRODUCT_NAME = "$(TARGET_NAME)";
				SWIFT_VERSION = 4.2;
				TARGETED_DEVICE_FAMILY = "1,2";
				TEST_TARGET_NAME = POS;
			};
			name = Debug;
		};
		6AEC101B226F8719005F8B6B /* Release */ = {
			isa = XCBuildConfiguration;
			buildSettings = {
				ALWAYS_EMBED_SWIFT_STANDARD_LIBRARIES = YES;
				CODE_SIGN_STYLE = Automatic;
				DEVELOPMENT_TEAM = R8HVB85AU9;
				INFOPLIST_FILE = POSUITests/Info.plist;
				LD_RUNPATH_SEARCH_PATHS = (
					"$(inherited)",
					"@executable_path/Frameworks",
					"@loader_path/Frameworks",
				);
				PRODUCT_BUNDLE_IDENTIFIER = TouchBistro.POSUITests;
				PRODUCT_NAME = "$(TARGET_NAME)";
				SWIFT_VERSION = 4.2;
				TARGETED_DEVICE_FAMILY = "1,2";
				TEST_TARGET_NAME = POS;
			};
			name = Release;
		};
/* End XCBuildConfiguration section */

/* Begin XCConfigurationList section */
		6AEC0FCA226F8639005F8B6B /* Build configuration list for PBXProject "BillCalc" */ = {
			isa = XCConfigurationList;
			buildConfigurations = (
				6AEC0FE2226F8639005F8B6B /* Debug */,
				6AEC0FE3226F8639005F8B6B /* Release */,
			);
			defaultConfigurationIsVisible = 0;
			defaultConfigurationName = Release;
		};
		6AEC1013226F8719005F8B6B /* Build configuration list for PBXNativeTarget "POS" */ = {
			isa = XCConfigurationList;
			buildConfigurations = (
				6AEC1014226F8719005F8B6B /* Debug */,
				6AEC1015226F8719005F8B6B /* Release */,
			);
			defaultConfigurationIsVisible = 0;
			defaultConfigurationName = Release;
		};
		6AEC1016226F8719005F8B6B /* Build configuration list for PBXNativeTarget "POSTests" */ = {
			isa = XCConfigurationList;
			buildConfigurations = (
				6AEC1017226F8719005F8B6B /* Debug */,
				6AEC1018226F8719005F8B6B /* Release */,
			);
			defaultConfigurationIsVisible = 0;
			defaultConfigurationName = Release;
		};
		6AEC1019226F8719005F8B6B /* Build configuration list for PBXNativeTarget "POSUITests" */ = {
			isa = XCConfigurationList;
			buildConfigurations = (
				6AEC101A226F8719005F8B6B /* Debug */,
				6AEC101B226F8719005F8B6B /* Release */,
			);
			defaultConfigurationIsVisible = 0;
			defaultConfigurationName = Release;
		};
/* End XCConfigurationList section */
	};
	rootObject = 6AEC0FC7226F8639005F8B6B /* Project object */;
}
